// !$*UTF8*$!
{
	archiveVersion = 1;
	classes = {
	};
	objectVersion = 46;
	objects = {

/* Begin PBXBuildFile section */
		8E593955C077C00001A4150F /* libPods-FireBasePractineOne.a in Frameworks */ = {isa = PBXBuildFile; fileRef = A1B161E40576494381AA96C0 /* libPods-FireBasePractineOne.a */; };
		C1C1955A1FB30C060084D1F6 /* AppDelegate.swift in Sources */ = {isa = PBXBuildFile; fileRef = C1C195591FB30C060084D1F6 /* AppDelegate.swift */; };
		C1C1955C1FB30C060084D1F6 /* ViewController.swift in Sources */ = {isa = PBXBuildFile; fileRef = C1C1955B1FB30C060084D1F6 /* ViewController.swift */; };
		C1C1955F1FB30C060084D1F6 /* Main.storyboard in Resources */ = {isa = PBXBuildFile; fileRef = C1C1955D1FB30C060084D1F6 /* Main.storyboard */; };
		C1C195611FB30C060084D1F6 /* Assets.xcassets in Resources */ = {isa = PBXBuildFile; fileRef = C1C195601FB30C060084D1F6 /* Assets.xcassets */; };
		C1C195641FB30C060084D1F6 /* LaunchScreen.storyboard in Resources */ = {isa = PBXBuildFile; fileRef = C1C195621FB30C060084D1F6 /* LaunchScreen.storyboard */; };
		C1C1956C1FB30DED0084D1F6 /* GoogleService-Info.plist in Resources */ = {isa = PBXBuildFile; fileRef = C1C1956B1FB30DED0084D1F6 /* GoogleService-Info.plist */; };
/* End PBXBuildFile section */

/* Begin PBXFileReference section */
		7BB539D334140CF463DE5CAA /* Pods-FireBasePractineOne.release.xcconfig */ = {isa = PBXFileReference; includeInIndex = 1; lastKnownFileType = text.xcconfig; name = "Pods-FireBasePractineOne.release.xcconfig"; path = "Pods/Target Support Files/Pods-FireBasePractineOne/Pods-FireBasePractineOne.release.xcconfig"; sourceTree = "<group>"; };
		9D342B24F784095409093A88 /* Pods-FireBasePractineOne.debug.xcconfig */ = {isa = PBXFileReference; includeInIndex = 1; lastKnownFileType = text.xcconfig; name = "Pods-FireBasePractineOne.debug.xcconfig"; path = "Pods/Target Support Files/Pods-FireBasePractineOne/Pods-FireBasePractineOne.debug.xcconfig"; sourceTree = "<group>"; };
		A1B161E40576494381AA96C0 /* libPods-FireBasePractineOne.a */ = {isa = PBXFileReference; explicitFileType = archive.ar; includeInIndex = 0; path = "libPods-FireBasePractineOne.a"; sourceTree = BUILT_PRODUCTS_DIR; };
		C1C195561FB30C060084D1F6 /* FireBasePractineOne.app */ = {isa = PBXFileReference; explicitFileType = wrapper.application; includeInIndex = 0; path = FireBasePractineOne.app; sourceTree = BUILT_PRODUCTS_DIR; };
		C1C195591FB30C060084D1F6 /* AppDelegate.swift */ = {isa = PBXFileReference; lastKnownFileType = sourcecode.swift; path = AppDelegate.swift; sourceTree = "<group>"; };
		C1C1955B1FB30C060084D1F6 /* ViewController.swift */ = {isa = PBXFileReference; lastKnownFileType = sourcecode.swift; path = ViewController.swift; sourceTree = "<group>"; };
		C1C1955E1FB30C060084D1F6 /* Base */ = {isa = PBXFileReference; lastKnownFileType = file.storyboard; name = Base; path = Base.lproj/Main.storyboard; sourceTree = "<group>"; };
		C1C195601FB30C060084D1F6 /* Assets.xcassets */ = {isa = PBXFileReference; lastKnownFileType = folder.assetcatalog; path = Assets.xcassets; sourceTree = "<group>"; };
		C1C195631FB30C060084D1F6 /* Base */ = {isa = PBXFileReference; lastKnownFileType = file.storyboard; name = Base; path = Base.lproj/LaunchScreen.storyboard; sourceTree = "<group>"; };
		C1C195651FB30C060084D1F6 /* Info.plist */ = {isa = PBXFileReference; lastKnownFileType = text.plist.xml; path = Info.plist; sourceTree = "<group>"; };
		C1C1956B1FB30DED0084D1F6 /* GoogleService-Info.plist */ = {isa = PBXFileReference; fileEncoding = 4; lastKnownFileType = text.plist.xml; name = "GoogleService-Info.plist"; path = "../../GoogleService-Info.plist"; sourceTree = "<group>"; };
/* End PBXFileReference section */

/* Begin PBXFrameworksBuildPhase section */
		C1C195531FB30C060084D1F6 /* Frameworks */ = {
			isa = PBXFrameworksBuildPhase;
			buildActionMask = 2147483647;
			files = (
				8E593955C077C00001A4150F /* libPods-FireBasePractineOne.a in Frameworks */,
			);
			runOnlyForDeploymentPostprocessing = 0;
		};
/* End PBXFrameworksBuildPhase section */

/* Begin PBXGroup section */
		0AE5327FC9CEC4C776328449 /* Frameworks */ = {
			isa = PBXGroup;
			children = (
				A1B161E40576494381AA96C0 /* libPods-FireBasePractineOne.a */,
			);
			name = Frameworks;
			sourceTree = "<group>";
		};
		5461757E96780B05AC272D94 /* Pods */ = {
			isa = PBXGroup;
			children = (
				9D342B24F784095409093A88 /* Pods-FireBasePractineOne.debug.xcconfig */,
				7BB539D334140CF463DE5CAA /* Pods-FireBasePractineOne.release.xcconfig */,
			);
			name = Pods;
			sourceTree = "<group>";
		};
		C1C1954D1FB30C050084D1F6 = {
			isa = PBXGroup;
			children = (
				C1C195581FB30C060084D1F6 /* FireBasePractineOne */,
				C1C195571FB30C060084D1F6 /* Products */,
				5461757E96780B05AC272D94 /* Pods */,
				0AE5327FC9CEC4C776328449 /* Frameworks */,
			);
			sourceTree = "<group>";
		};
		C1C195571FB30C060084D1F6 /* Products */ = {
			isa = PBXGroup;
			children = (
				C1C195561FB30C060084D1F6 /* FireBasePractineOne.app */,
			);
			name = Products;
			sourceTree = "<group>";
		};
		C1C195581FB30C060084D1F6 /* FireBasePractineOne */ = {
			isa = PBXGroup;
			children = (
				C1C195591FB30C060084D1F6 /* AppDelegate.swift */,
				C1C1955B1FB30C060084D1F6 /* ViewController.swift */,
				C1C1955D1FB30C060084D1F6 /* Main.storyboard */,
				C1C195601FB30C060084D1F6 /* Assets.xcassets */,
				C1C195621FB30C060084D1F6 /* LaunchScreen.storyboard */,
				C1C195651FB30C060084D1F6 /* Info.plist */,
				C1C1956B1FB30DED0084D1F6 /* GoogleService-Info.plist */,
			);
			path = FireBasePractineOne;
			sourceTree = "<group>";
		};
/* End PBXGroup section */

/* Begin PBXNativeTarget section */
		C1C195551FB30C060084D1F6 /* FireBasePractineOne */ = {
			isa = PBXNativeTarget;
			buildConfigurationList = C1C195681FB30C060084D1F6 /* Build configuration list for PBXNativeTarget "FireBasePractineOne" */;
			buildPhases = (
				9FF79517CAE76E9E8BB6FE29 /* [CP] Check Pods Manifest.lock */,
				C1C195521FB30C060084D1F6 /* Sources */,
				C1C195531FB30C060084D1F6 /* Frameworks */,
				C1C195541FB30C060084D1F6 /* Resources */,
				54357822EFD87335E8B25A81 /* [CP] Embed Pods Frameworks */,
				D11AD8ED98313D89ECBB06E9 /* [CP] Copy Pods Resources */,
			);
			buildRules = (
			);
			dependencies = (
			);
			name = FireBasePractineOne;
			productName = FireBasePractineOne;
			productReference = C1C195561FB30C060084D1F6 /* FireBasePractineOne.app */;
			productType = "com.apple.product-type.application";
		};
/* End PBXNativeTarget section */

/* Begin PBXProject section */
		C1C1954E1FB30C050084D1F6 /* Project object */ = {
			isa = PBXProject;
			attributes = {
				LastSwiftUpdateCheck = 0820;
				LastUpgradeCheck = 0820;
				ORGANIZATIONNAME = "Ekramul hoque";
				TargetAttributes = {
					C1C195551FB30C060084D1F6 = {
						CreatedOnToolsVersion = 8.2;
						ProvisioningStyle = Automatic;
					};
				};
			};
			buildConfigurationList = C1C195511FB30C050084D1F6 /* Build configuration list for PBXProject "FireBasePractineOne" */;
			compatibilityVersion = "Xcode 3.2";
			developmentRegion = English;
			hasScannedForEncodings = 0;
			knownRegions = (
				en,
				Base,
			);
			mainGroup = C1C1954D1FB30C050084D1F6;
			productRefGroup = C1C195571FB30C060084D1F6 /* Products */;
			projectDirPath = "";
			projectRoot = "";
			targets = (
				C1C195551FB30C060084D1F6 /* FireBasePractineOne */,
			);
		};
/* End PBXProject section */

/* Begin PBXResourcesBuildPhase section */
		C1C195541FB30C060084D1F6 /* Resources */ = {
			isa = PBXResourcesBuildPhase;
			buildActionMask = 2147483647;
			files = (
				C1C195641FB30C060084D1F6 /* LaunchScreen.storyboard in Resources */,
				C1C1956C1FB30DED0084D1F6 /* GoogleService-Info.plist in Resources */,
				C1C195611FB30C060084D1F6 /* Assets.xcassets in Resources */,
				C1C1955F1FB30C060084D1F6 /* Main.storyboard in Resources */,
			);
			runOnlyForDeploymentPostprocessing = 0;
		};
/* End PBXResourcesBuildPhase section */

/* Begin PBXShellScriptBuildPhase section */
		54357822EFD87335E8B25A81 /* [CP] Embed Pods Frameworks */ = {
			isa = PBXShellScriptBuildPhase;
			buildActionMask = 2147483647;
			files = (
			);
			inputPaths = (
			);
			name = "[CP] Embed Pods Frameworks";
			outputPaths = (
			);
			runOnlyForDeploymentPostprocessing = 0;
			shellPath = /bin/sh;
			shellScript = "\"${SRCROOT}/Pods/Target Support Files/Pods-FireBasePractineOne/Pods-FireBasePractineOne-frameworks.sh\"\n";
			showEnvVarsInLog = 0;
		};
		9FF79517CAE76E9E8BB6FE29 /* [CP] Check Pods Manifest.lock */ = {
			isa = PBXShellScriptBuildPhase;
			buildActionMask = 2147483647;
			files = (
			);
			inputPaths = (
				"${PODS_PODFILE_DIR_PATH}/Podfile.lock",
				"${PODS_ROOT}/Manifest.lock",
			);
			name = "[CP] Check Pods Manifest.lock";
			outputPaths = (
				"$(DERIVED_FILE_DIR)/Pods-FireBasePractineOne-checkManifestLockResult.txt",
			);
			runOnlyForDeploymentPostprocessing = 0;
			shellPath = /bin/sh;
			shellScript = "diff \"${PODS_PODFILE_DIR_PATH}/Podfile.lock\" \"${PODS_ROOT}/Manifest.lock\" > /dev/null\nif [ $? != 0 ] ; then\n    # print error to STDERR\n    echo \"error: The sandbox is not in sync with the Podfile.lock. Run 'pod install' or update your CocoaPods installation.\" >&2\n    exit 1\nfi\n# This output is used by Xcode 'outputs' to avoid re-running this script phase.\necho \"SUCCESS\" > \"${SCRIPT_OUTPUT_FILE_0}\"\n";
			showEnvVarsInLog = 0;
		};
		D11AD8ED98313D89ECBB06E9 /* [CP] Copy Pods Resources */ = {
			isa = PBXShellScriptBuildPhase;
			buildActionMask = 2147483647;
			files = (
			);
			inputPaths = (
			);
			name = "[CP] Copy Pods Resources";
			outputPaths = (
			);
			runOnlyForDeploymentPostprocessing = 0;
			shellPath = /bin/sh;
			shellScript = "\"${SRCROOT}/Pods/Target Support Files/Pods-FireBasePractineOne/Pods-FireBasePractineOne-resources.sh\"\n";
			showEnvVarsInLog = 0;
		};
/* End PBXShellScriptBuildPhase section */

/* Begin PBXSourcesBuildPhase section */
		C1C195521FB30C060084D1F6 /* Sources */ = {
			isa = PBXSourcesBuildPhase;
			buildActionMask = 2147483647;
			files = (
				C1C1955C1FB30C060084D1F6 /* ViewController.swift in Sources */,
				C1C1955A1FB30C060084D1F6 /* AppDelegate.swift in Sources */,
			);
			runOnlyForDeploymentPostprocessing = 0;
		};
/* End PBXSourcesBuildPhase section */

/* Begin PBXVariantGroup section */
		C1C1955D1FB30C060084D1F6 /* Main.storyboard */ = {
			isa = PBXVariantGroup;
			children = (
				C1C1955E1FB30C060084D1F6 /* Base */,
			);
			name = Main.storyboard;
			sourceTree = "<group>";
		};
		C1C195621FB30C060084D1F6 /* LaunchScreen.storyboard */ = {
			isa = PBXVariantGroup;
			children = (
				C1C195631FB30C060084D1F6 /* Base */,
			);
			name = LaunchScreen.storyboard;
			sourceTree = "<group>";
		};
/* End PBXVariantGroup section */

/* Begin XCBuildConfiguration section */
		C1C195661FB30C060084D1F6 /* Debug */ = {
			isa = XCBuildConfiguration;
			buildSettings = {
				ALWAYS_SEARCH_USER_PATHS = NO;
				CLANG_ANALYZER_NONNULL = YES;
				CLANG_CXX_LANGUAGE_STANDARD = "gnu++0x";
				CLANG_CXX_LIBRARY = "libc++";
				CLANG_ENABLE_MODULES = YES;
				CLANG_ENABLE_OBJC_ARC = YES;
				CLANG_WARN_BOOL_CONVERSION = YES;
				CLANG_WARN_CONSTANT_CONVERSION = YES;
				CLANG_WARN_DIRECT_OBJC_ISA_USAGE = YES_ERROR;
				CLANG_WARN_DOCUMENTATION_COMMENTS = YES;
				CLANG_WARN_EMPTY_BODY = YES;
				CLANG_WARN_ENUM_CONVERSION = YES;
				CLANG_WARN_INFINITE_RECURSION = YES;
				CLANG_WARN_INT_CONVERSION = YES;
				CLANG_WARN_OBJC_ROOT_CLASS = YES_ERROR;
				CLANG_WARN_SUSPICIOUS_MOVE = YES;
				CLANG_WARN_UNREACHABLE_CODE = YES;
				CLANG_WARN__DUPLICATE_METHOD_MATCH = YES;
				"CODE_SIGN_IDENTITY[sdk=iphoneos*]" = "iPhone Developer";
				COPY_PHASE_STRIP = NO;
				DEBUG_INFORMATION_FORMAT = dwarf;
				ENABLE_STRICT_OBJC_MSGSEND = YES;
				ENABLE_TESTABILITY = YES;
				GCC_C_LANGUAGE_STANDARD = gnu99;
				GCC_DYNAMIC_NO_PIC = NO;
				GCC_NO_COMMON_BLOCKS = YES;
				GCC_OPTIMIZATION_LEVEL = 0;
				GCC_PREPROCESSOR_DEFINITIONS = (
					"DEBUG=1",
					"$(inherited)",
				);
				GCC_WARN_64_TO_32_BIT_CONVERSION = YES;
				GCC_WARN_ABOUT_RETURN_TYPE = YES_ERROR;
				GCC_WARN_UNDECLARED_SELECTOR = YES;
				GCC_WARN_UNINITIALIZED_AUTOS = YES_AGGRESSIVE;
				GCC_WARN_UNUSED_FUNCTION = YES;
				GCC_WARN_UNUSED_VARIABLE = YES;
				IPHONEOS_DEPLOYMENT_TARGET = 10.2;
				MTL_ENABLE_DEBUG_INFO = YES;
				ONLY_ACTIVE_ARCH = YES;
				SDKROOT = iphoneos;
				SWIFT_ACTIVE_COMPILATION_CONDITIONS = DEBUG;
				SWIFT_OPTIMIZATION_LEVEL = "-Onone";
				TARGETED_DEVICE_FAMILY = "1,2";
			};
			name = Debug;
		};
		C1C195671FB30C060084D1F6 /* Release */ = {
			isa = XCBuildConfiguration;
			buildSettings = {
				ALWAYS_SEARCH_USER_PATHS = NO;
				CLANG_ANALYZER_NONNULL = YES;
				CLANG_CXX_LANGUAGE_STANDARD = "gnu++0x";
				CLANG_CXX_LIBRARY = "libc++";
				CLANG_ENABLE_MODULES = YES;
				CLANG_ENABLE_OBJC_ARC = YES;
				CLANG_WARN_BOOL_CONVERSION = YES;
				CLANG_WARN_CONSTANT_CONVERSION = YES;
				CLANG_WARN_DIRECT_OBJC_ISA_USAGE = YES_ERROR;
				CLANG_WARN_DOCUMENTATION_COMMENTS = YES;
				CLANG_WARN_EMPTY_BODY = YES;
				CLANG_WARN_ENUM_CONVERSION = YES;
				CLANG_WARN_INFINITE_RECURSION = YES;
				CLANG_WARN_INT_CONVERSION = YES;
				CLANG_WARN_OBJC_ROOT_CLASS = YES_ERROR;
				CLANG_WARN_SUSPICIOUS_MOVE = YES;
				CLANG_WARN_UNREACHABLE_CODE = YES;
				CLANG_WARN__DUPLICATE_METHOD_MATCH = YES;
				"CODE_SIGN_IDENTITY[sdk=iphoneos*]" = "iPhone Developer";
				COPY_PHASE_STRIP = NO;
				DEBUG_INFORMATION_FORMAT = "dwarf-with-dsym";
				ENABLE_NS_ASSERTIONS = NO;
				ENABLE_STRICT_OBJC_MSGSEND = YES;
				GCC_C_LANGUAGE_STANDARD = gnu99;
				GCC_NO_COMMON_BLOCKS = YES;
				GCC_WARN_64_TO_32_BIT_CONVERSION = YES;
				GCC_WARN_ABOUT_RETURN_TYPE = YES_ERROR;
				GCC_WARN_UNDECLARED_SELECTOR = YES;
				GCC_WARN_UNINITIALIZED_AUTOS = YES_AGGRESSIVE;
				GCC_WARN_UNUSED_FUNCTION = YES;
				GCC_WARN_UNUSED_VARIABLE = YES;
				IPHONEOS_DEPLOYMENT_TARGET = 10.2;
				MTL_ENABLE_DEBUG_INFO = NO;
				SDKROOT = iphoneos;
				SWIFT_OPTIMIZATION_LEVEL = "-Owholemodule";
				TARGETED_DEVICE_FAMILY = "1,2";
				VALIDATE_PRODUCT = YES;
			};
			name = Release;
		};
		C1C195691FB30C060084D1F6 /* Debug */ = {
			isa = XCBuildConfiguration;
			baseConfigurationReference = 9D342B24F784095409093A88 /* Pods-FireBasePractineOne.debug.xcconfig */;
			buildSettings = {
				ASSETCATALOG_COMPILER_APPICON_NAME = AppIcon;
				INFOPLIST_FILE = FireBasePractineOne/Info.plist;
				LD_RUNPATH_SEARCH_PATHS = "$(inherited) @executable_path/Frameworks";
				PRODUCT_BUNDLE_IDENTIFIER = ekram.Dev.FireBasePractineOne;
				PRODUCT_NAME = "$(TARGET_NAME)";
				SWIFT_VERSION = 3.0;
			};
			name = Debug;
		};
		C1C1956A1FB30C060084D1F6 /* Release */ = {
			isa = XCBuildConfiguration;
			baseConfigurationReference = 7BB539D334140CF463DE5CAA /* Pods-FireBasePractineOne.release.xcconfig */;
			buildSettings = {
				ASSETCATALOG_COMPILER_APPICON_NAME = AppIcon;
				INFOPLIST_FILE = FireBasePractineOne/Info.plist;
				LD_RUNPATH_SEARCH_PATHS = "$(inherited) @executable_path/Frameworks";
				PRODUCT_BUNDLE_IDENTIFIER = ekram.Dev.FireBasePractineOne;
				PRODUCT_NAME = "$(TARGET_NAME)";
				SWIFT_VERSION = 3.0;
			};
			name = Release;
		};
/* End XCBuildConfiguration section */

/* Begin XCConfigurationList section */
		C1C195511FB30C050084D1F6 /* Build configuration list for PBXProject "FireBasePractineOne" */ = {
			isa = XCConfigurationList;
			buildConfigurations = (
				C1C195661FB30C060084D1F6 /* Debug */,
				C1C195671FB30C060084D1F6 /* Release */,
			);
			defaultConfigurationIsVisible = 0;
			defaultConfigurationName = Release;
		};
		C1C195681FB30C060084D1F6 /* Build configuration list for PBXNativeTarget "FireBasePractineOne" */ = {
			isa = XCConfigurationList;
			buildConfigurations = (
				C1C195691FB30C060084D1F6 /* Debug */,
				C1C1956A1FB30C060084D1F6 /* Release */,
			);
			defaultConfigurationIsVisible = 0;
		};
/* End XCConfigurationList section */
	};
	rootObject = C1C1954E1FB30C050084D1F6 /* Project object */;
}
